
Microsoft Visual Studio Solution File, Format Version 12.00
# Visual Studio 15
VisualStudioVersion = 15.0.28010.2036
MinimumVisualStudioVersion = 10.0.40219.1
Project("{FAE04EC0-301F-11D3-BF4B-00C04F79EFBC}") = "MVC", "MVC\MVC.csproj", "{7A2D2804-A3E8-43EA-9AC9-B39B0832C840}"
EndProject
Global
	GlobalSection(SolutionConfigurationPlatforms) = preSolution
		Debug|Any CPU = Debug|Any CPU
		Release|Any CPU = Release|Any CPU
	EndGlobalSection
	GlobalSection(ProjectConfigurationPlatforms) = postSolution
		{7A2D2804-A3E8-43EA-9AC9-B39B0832C840}.Debug|Any CPU.ActiveCfg = Debug|Any CPU
		{7A2D2804-A3E8-43EA-9AC9-B39B0832C840}.Debug|Any CPU.Build.0 = Debug|Any CPU
		{7A2D2804-A3E8-43EA-9AC9-B39B0832C840}.Release|Any CPU.ActiveCfg = Release|Any CPU
		{7A2D2804-A3E8-43EA-9AC9-B39B0832C840}.Release|Any CPU.Build.0 = Release|Any CPU
	EndGlobalSection
	GlobalSection(SolutionProperties) = preSolution
		HideSolutionNode = FALSE
	EndGlobalSection
	GlobalSection(ExtensibilityGlobals) = postSolution
		SolutionGuid = {174B3E42-5FEB-4951-B274-47D8F02BA29B}
	EndGlobalSection
EndGlobal
